{
  "originHash" : "a6ea2d004bb69dccc08ea8732e7580cd1cfaf5b6a7ae4f96b62ff343a82d4c38",
  "pins" : [
    {
      "identity" : "dsl",
      "kind" : "remoteSourceControl",
      "location" : "https://github.com/leviouwendijk/DSL.git",
      "state" : {
        "branch" : "master",
        "revision" : "30ec6798f883b91f697d060bb001e0e4f7a09225"
      }
    },
    {
      "identity" : "guidelines",
      "kind" : "remoteSourceControl",
      "location" : "https://github.com/leviouwendijk/Guidelines.git",
      "state" : {
        "branch" : "master",
        "revision" : "0a5bd3f30af7eaeb79c0ac37007f10322920f95a"
      }
    },
    {
      "identity" : "macros",
      "kind" : "remoteSourceControl",
      "location" : "https://github.com/leviouwendijk/Macros.git",
      "state" : {
        "branch" : "master",
        "revision" : "44885d7ebddc4e9ced6f7cba0deac0ca98da20f1"
      }
    },
    {
      "identity" : "primitives",
      "kind" : "remoteSourceControl",
      "location" : "https://github.com/leviouwendijk/Primitives.git",
      "state" : {
        "branch" : "master",
        "revision" : "e626fa0746aee024729bf56549e774d13aa17099"
      }
    },
    {
      "identity" : "schema",
      "kind" : "remoteSourceControl",
      "location" : "https://github.com/leviouwendijk/Schema.git",
      "state" : {
        "branch" : "master",
        "revision" : "703253bef3f4ae18e03bb35e68ac6db0d1bc584d"
      }
    },
    {
      "identity" : "swift-syntax",
      "kind" : "remoteSourceControl",
      "location" : "https://github.com/swiftlang/swift-syntax.git",
      "state" : {
        "revision" : "79e4b74a295b6eb74a8b585e3a39d29e70c1dbd1",
        "version" : "603.0.2"
      }
    }
  ],
  "version" : 3
}
