{
  "originHash" : "6324e49163323630df84711c0e4219426f9620b83e68f568ec2bf2aa31d95944",
  "pins" : [
    {
      "identity" : "dsl",
      "kind" : "remoteSourceControl",
      "location" : "https://github.com/leviouwendijk/DSL.git",
      "state" : {
        "branch" : "master",
        "revision" : "9efff74e61ff3679fce19f3cbf6df09c3bc23691"
      }
    },
    {
      "identity" : "guidelines",
      "kind" : "remoteSourceControl",
      "location" : "https://github.com/leviouwendijk/Guidelines.git",
      "state" : {
        "branch" : "master",
        "revision" : "0a5bd3f30af7eaeb79c0ac37007f10322920f95a"
      }
    },
    {
      "identity" : "primitives",
      "kind" : "remoteSourceControl",
      "location" : "https://github.com/leviouwendijk/Primitives.git",
      "state" : {
        "branch" : "master",
        "revision" : "3b9e65785ecb8aa493c55893f61619b6967ce10d"
      }
    },
    {
      "identity" : "schema",
      "kind" : "remoteSourceControl",
      "location" : "https://github.com/leviouwendijk/Schema.git",
      "state" : {
        "branch" : "master",
        "revision" : "f23bd9c256f0d7b428c30db68bcd097a3a19c63a"
      }
    }
  ],
  "version" : 3
}
